
Microsoft Visual Studio Solution File, Format Version 12.00
# Visual Studio Version 16
VisualStudioVersion = 16.0.31205.134
MinimumVisualStudioVersion = 10.0.40219.1
Project("{FAE04EC0-301F-11D3-BF4B-00C04F79EFBC}") = "ImPossibleFoundation.Server", "ImPossibleFoundation\Server\ImPossibleFoundation.Server.csproj", "{1BE640A6-341C-4275-B7E0-0E7FD52B1631}"
EndProject
Project("{FAE04EC0-301F-11D3-BF4B-00C04F79EFBC}") = "ImPossibleFoundation.Client", "ImPossibleFoundation\Client\ImPossibleFoundation.Client.csproj", "{3663E727-DF4D-4394-90ED-D27455DAF1BC}"
EndProject
Project("{FAE04EC0-301F-11D3-BF4B-00C04F79EFBC}") = "ImPossibleFoundation.Shared", "ImPossibleFoundation\Shared\ImPossibleFoundation.Shared.csproj", "{C9AFD487-ABB0-411B-A7A2-6DE31D4D88CB}"
EndProject
Global
	GlobalSection(SolutionConfigurationPlatforms) = preSolution
		Debug|Any CPU = Debug|Any CPU
		Release|Any CPU = Release|Any CPU
	EndGlobalSection
	GlobalSection(ProjectConfigurationPlatforms) = postSolution
		{1BE640A6-341C-4275-B7E0-0E7FD52B1631}.Debug|Any CPU.ActiveCfg = Debug|Any CPU
		{1BE640A6-341C-4275-B7E0-0E7FD52B1631}.Debug|Any CPU.Build.0 = Debug|Any CPU
		{1BE640A6-341C-4275-B7E0-0E7FD52B1631}.Release|Any CPU.ActiveCfg = Release|Any CPU
		{1BE640A6-341C-4275-B7E0-0E7FD52B1631}.Release|Any CPU.Build.0 = Release|Any CPU
		{3663E727-DF4D-4394-90ED-D27455DAF1BC}.Debug|Any CPU.ActiveCfg = Debug|Any CPU
		{3663E727-DF4D-4394-90ED-D27455DAF1BC}.Debug|Any CPU.Build.0 = Debug|Any CPU
		{3663E727-DF4D-4394-90ED-D27455DAF1BC}.Release|Any CPU.ActiveCfg = Release|Any CPU
		{3663E727-DF4D-4394-90ED-D27455DAF1BC}.Release|Any CPU.Build.0 = Release|Any CPU
		{C9AFD487-ABB0-411B-A7A2-6DE31D4D88CB}.Debug|Any CPU.ActiveCfg = Debug|Any CPU
		{C9AFD487-ABB0-411B-A7A2-6DE31D4D88CB}.Debug|Any CPU.Build.0 = Debug|Any CPU
		{C9AFD487-ABB0-411B-A7A2-6DE31D4D88CB}.Release|Any CPU.ActiveCfg = Release|Any CPU
		{C9AFD487-ABB0-411B-A7A2-6DE31D4D88CB}.Release|Any CPU.Build.0 = Release|Any CPU
	EndGlobalSection
	GlobalSection(SolutionProperties) = preSolution
		HideSolutionNode = FALSE
	EndGlobalSection
	GlobalSection(ExtensibilityGlobals) = postSolution
		SolutionGuid = {83664F73-AFB6-4B04-B05B-B7B702709EC1}
	EndGlobalSection
EndGlobal
